
Microsoft Visual Studio Solution File, Format Version 12.00
# Visual Studio Version 16
VisualStudioVersion = 16.0.31729.503
MinimumVisualStudioVersion = 10.0.40219.1
Project("{FAE04EC0-301F-11D3-BF4B-00C04F79EFBC}") = "WindowsFormsApp1", "WindowsFormsApp1\WindowsFormsApp1.csproj", "{FE050A19-CE8A-4FFB-9171-19D3A5F444C0}"
EndProject
Global
	GlobalSection(SolutionConfigurationPlatforms) = preSolution
		Debug|Any CPU = Debug|Any CPU
		Release|Any CPU = Release|Any CPU
	EndGlobalSection
	GlobalSection(ProjectConfigurationPlatforms) = postSolution
		{FE050A19-CE8A-4FFB-9171-19D3A5F444C0}.Debug|Any CPU.ActiveCfg = Debug|Any CPU
		{FE050A19-CE8A-4FFB-9171-19D3A5F444C0}.Debug|Any CPU.Build.0 = Debug|Any CPU
		{FE050A19-CE8A-4FFB-9171-19D3A5F444C0}.Release|Any CPU.ActiveCfg = Release|Any CPU
		{FE050A19-CE8A-4FFB-9171-19D3A5F444C0}.Release|Any CPU.Build.0 = Release|Any CPU
	EndGlobalSection
	GlobalSection(SolutionProperties) = preSolution
		HideSolutionNode = FALSE
	EndGlobalSection
	GlobalSection(ExtensibilityGlobals) = postSolution
		SolutionGuid = {4A370748-6E15-47A6-9FB0-626CE6F21AF8}
	EndGlobalSection
EndGlobal
